
Microsoft Visual Studio Solution File, Format Version 12.00

Project("{2150E333-8FDC-42A3-9474-1A3956D46DE8}") = "src", "src", "{BE58094B-5007-4991-A8E2-7C8F0646C484}"
EndProject
Project("{FAE04EC0-301F-11D3-BF4B-00C04F79EFBC}") = "DomeGym.Domain", "src\DomeGym.Domain\DomeGym.Domain.csproj", "{409B1A09-DBE4-41DF-A80B-47DC0753DA68}"
EndProject
Project("{FAE04EC0-301F-11D3-BF4B-00C04F79EFBC}") = "DomeGym.Application", "src\DomeGym.Application\DomeGym.Application.csproj", "{D841D1C7-BE1E-4535-A953-FDC487913E13}"
EndProject
Project("{2150E333-8FDC-42A3-9474-1A3956D46DE8}") = "tests", "tests", "{1CF78F72-5B91-4524-A7F4-E497BB617F66}"
EndProject
Project("{FAE04EC0-301F-11D3-BF4B-00C04F79EFBC}") = "DomeGym.Domain.Tests", "tests\DomeGym.Domain.Tests\DomeGym.Domain.Tests.csproj", "{8566D74F-AC32-4FF6-93CA-6E12E3377544}"
EndProject
Global
	GlobalSection(SolutionConfigurationPlatforms) = preSolution
		Debug|Any CPU = Debug|Any CPU
		Release|Any CPU = Release|Any CPU
	EndGlobalSection
	GlobalSection(ProjectConfigurationPlatforms) = postSolution
		{409B1A09-DBE4-41DF-A80B-47DC0753DA68}.Debug|Any CPU.ActiveCfg = Debug|Any CPU
		{409B1A09-DBE4-41DF-A80B-47DC0753DA68}.Debug|Any CPU.Build.0 = Debug|Any CPU
		{409B1A09-DBE4-41DF-A80B-47DC0753DA68}.Release|Any CPU.ActiveCfg = Release|Any CPU
		{409B1A09-DBE4-41DF-A80B-47DC0753DA68}.Release|Any CPU.Build.0 = Release|Any CPU
		{D841D1C7-BE1E-4535-A953-FDC487913E13}.Debug|Any CPU.ActiveCfg = Debug|Any CPU
		{D841D1C7-BE1E-4535-A953-FDC487913E13}.Debug|Any CPU.Build.0 = Debug|Any CPU
		{D841D1C7-BE1E-4535-A953-FDC487913E13}.Release|Any CPU.ActiveCfg = Release|Any CPU
		{D841D1C7-BE1E-4535-A953-FDC487913E13}.Release|Any CPU.Build.0 = Release|Any CPU
		{8566D74F-AC32-4FF6-93CA-6E12E3377544}.Debug|Any CPU.ActiveCfg = Debug|Any CPU
		{8566D74F-AC32-4FF6-93CA-6E12E3377544}.Debug|Any CPU.Build.0 = Debug|Any CPU
		{8566D74F-AC32-4FF6-93CA-6E12E3377544}.Release|Any CPU.ActiveCfg = Release|Any CPU
		{8566D74F-AC32-4FF6-93CA-6E12E3377544}.Release|Any CPU.Build.0 = Release|Any CPU
	EndGlobalSection
	GlobalSection(NestedProjects) = preSolution
		{409B1A09-DBE4-41DF-A80B-47DC0753DA68} = {BE58094B-5007-4991-A8E2-7C8F0646C484}
		{D841D1C7-BE1E-4535-A953-FDC487913E13} = {BE58094B-5007-4991-A8E2-7C8F0646C484}
		{8566D74F-AC32-4FF6-93CA-6E12E3377544} = {1CF78F72-5B91-4524-A7F4-E497BB617F66}
	EndGlobalSection
EndGlobal
